
Microsoft Visual Studio Solution File, Format Version 12.00
# Visual Studio Version 17
VisualStudioVersion = 17.5.33424.131
MinimumVisualStudioVersion = 10.0.40219.1
Project("{2150E333-8FDC-42A3-9474-1A3956D46DE8}") = "ApiGateway", "ApiGateway", "{AF475127-6126-4E86-982E-700FFF149D28}"
EndProject
Project("{2150E333-8FDC-42A3-9474-1A3956D46DE8}") = "Microservices", "Microservices", "{1924AE25-1AC8-4984-92A6-F2C920961F84}"
EndProject
Project("{2150E333-8FDC-42A3-9474-1A3956D46DE8}") = "WebUI", "WebUI", "{4817AA3F-10F3-4228-B34F-C61E6DD80866}"
EndProject
Project("{9A19103F-16F7-4668-BE54-9A1E7A4F7556}") = "Kiosk.ApiGateway", "ApiGateway\Kiosk.ApiGateway\Kiosk.ApiGateway.csproj", "{A5E6584F-4F6A-429B-8D4D-8FF0107D7CCB}"
EndProject
Project("{9A19103F-16F7-4668-BE54-9A1E7A4F7556}") = "Kiosk.CatalogWebApi", "Microservices\Kiosk.CatalogWebApi\Kiosk.CatalogWebApi.csproj", "{6CAAAAF2-038D-4B3D-827A-EBE683BB4E16}"
EndProject
Project("{9A19103F-16F7-4668-BE54-9A1E7A4F7556}") = "Kiosk.OrdersWebApi", "Microservices\Kiosk.OrdersWebApi\Kiosk.OrdersWebApi.csproj", "{FF8C1BFC-377E-41FB-BADA-C56E8D0EAE76}"
EndProject
Project("{9A19103F-16F7-4668-BE54-9A1E7A4F7556}") = "Kiosk.DeliveryWebApi", "Microservices\Kiosk.DeliveryWebApi\Kiosk.DeliveryWebApi\Kiosk.DeliveryWebApi.csproj", "{66E0256F-7E7E-4604-8FA6-86E2D890181E}"
EndProject
Project("{2150E333-8FDC-42A3-9474-1A3956D46DE8}") = "Core", "Core", "{3EED8818-B6D3-4AC0-809B-056C48EE81E6}"
EndProject
Project("{9A19103F-16F7-4668-BE54-9A1E7A4F7556}") = "Kiosk.Core", "Core\Kiosk.Core\Kiosk.Core.csproj", "{7644FCA0-545F-4FEF-815E-46B666CAF948}"
EndProject
Project("{2150E333-8FDC-42A3-9474-1A3956D46DE8}") = "Tests", "Tests", "{5D13FF20-8FB9-4C51-BA92-C3991B7265DB}"
EndProject
Project("{9A19103F-16F7-4668-BE54-9A1E7A4F7556}") = "Kiosk.Catalog.Tests", "Tests\Kiosk.Catalog.Tests\Kiosk.Catalog.Tests.csproj", "{E45D2ABF-1CAF-4830-813F-6305B0D5060D}"
EndProject
Project("{9A19103F-16F7-4668-BE54-9A1E7A4F7556}") = "Kiosk.Order.Tests", "Tests\Kiosk.Order.Tests\Kiosk.Order.Tests.csproj", "{A2A52958-A197-490A-9158-8ACD3BFD7FA7}"
EndProject
Project("{9A19103F-16F7-4668-BE54-9A1E7A4F7556}") = "Kiosk.Delivery.Tests", "Tests\Kiosk.Delivery.Tests\Kiosk.Delivery.Tests.csproj", "{4B604365-BB77-4A33-930E-ED0B50BCB4DA}"
EndProject
Project("{9A19103F-16F7-4668-BE54-9A1E7A4F7556}") = "Kiosk.WebUI", "WebUI\Kiosk.WebUI\Kiosk.WebUI.csproj", "{B967860B-7FE1-4868-9D0E-C9799964238B}"
EndProject
Project("{9A19103F-16F7-4668-BE54-9A1E7A4F7556}") = "Kiosk.AuthenticationWebApi", "Microservices\Kiosk.AuthenticationWebApi\Kiosk.AuthenticationWebApi.csproj", "{D82BE444-6A58-4B38-9CC4-274A7314E340}"
EndProject
Project("{9A19103F-16F7-4668-BE54-9A1E7A4F7556}") = "Kiosk.JwtAuthenticationManager", "Core\Kiosk.JwtAuthenticationManager\Kiosk.JwtAuthenticationManager.csproj", "{7AC7192C-099A-4434-A702-775C8C246403}"
EndProject
Project("{E53339B2-1760-4266-BCC7-CA923CBCF16C}") = "docker-compose", "docker-compose.dcproj", "{755D22FA-D476-4C3D-92BE-B62BB6B2FDF0}"
EndProject
Global
	GlobalSection(SolutionConfigurationPlatforms) = preSolution
		Debug|Any CPU = Debug|Any CPU
		Release|Any CPU = Release|Any CPU
	EndGlobalSection
	GlobalSection(ProjectConfigurationPlatforms) = postSolution
		{A5E6584F-4F6A-429B-8D4D-8FF0107D7CCB}.Debug|Any CPU.ActiveCfg = Debug|Any CPU
		{A5E6584F-4F6A-429B-8D4D-8FF0107D7CCB}.Debug|Any CPU.Build.0 = Debug|Any CPU
		{A5E6584F-4F6A-429B-8D4D-8FF0107D7CCB}.Release|Any CPU.ActiveCfg = Release|Any CPU
		{A5E6584F-4F6A-429B-8D4D-8FF0107D7CCB}.Release|Any CPU.Build.0 = Release|Any CPU
		{6CAAAAF2-038D-4B3D-827A-EBE683BB4E16}.Debug|Any CPU.ActiveCfg = Debug|Any CPU
		{6CAAAAF2-038D-4B3D-827A-EBE683BB4E16}.Debug|Any CPU.Build.0 = Debug|Any CPU
		{6CAAAAF2-038D-4B3D-827A-EBE683BB4E16}.Release|Any CPU.ActiveCfg = Release|Any CPU
		{6CAAAAF2-038D-4B3D-827A-EBE683BB4E16}.Release|Any CPU.Build.0 = Release|Any CPU
		{FF8C1BFC-377E-41FB-BADA-C56E8D0EAE76}.Debug|Any CPU.ActiveCfg = Debug|Any CPU
		{FF8C1BFC-377E-41FB-BADA-C56E8D0EAE76}.Debug|Any CPU.Build.0 = Debug|Any CPU
		{FF8C1BFC-377E-41FB-BADA-C56E8D0EAE76}.Release|Any CPU.ActiveCfg = Release|Any CPU
		{FF8C1BFC-377E-41FB-BADA-C56E8D0EAE76}.Release|Any CPU.Build.0 = Release|Any CPU
		{66E0256F-7E7E-4604-8FA6-86E2D890181E}.Debug|Any CPU.ActiveCfg = Debug|Any CPU
		{66E0256F-7E7E-4604-8FA6-86E2D890181E}.Debug|Any CPU.Build.0 = Debug|Any CPU
		{66E0256F-7E7E-4604-8FA6-86E2D890181E}.Release|Any CPU.ActiveCfg = Release|Any CPU
		{66E0256F-7E7E-4604-8FA6-86E2D890181E}.Release|Any CPU.Build.0 = Release|Any CPU
		{7644FCA0-545F-4FEF-815E-46B666CAF948}.Debug|Any CPU.ActiveCfg = Debug|Any CPU
		{7644FCA0-545F-4FEF-815E-46B666CAF948}.Debug|Any CPU.Build.0 = Debug|Any CPU
		{7644FCA0-545F-4FEF-815E-46B666CAF948}.Release|Any CPU.ActiveCfg = Release|Any CPU
		{7644FCA0-545F-4FEF-815E-46B666CAF948}.Release|Any CPU.Build.0 = Release|Any CPU
		{E45D2ABF-1CAF-4830-813F-6305B0D5060D}.Debug|Any CPU.ActiveCfg = Debug|Any CPU
		{E45D2ABF-1CAF-4830-813F-6305B0D5060D}.Debug|Any CPU.Build.0 = Debug|Any CPU
		{E45D2ABF-1CAF-4830-813F-6305B0D5060D}.Release|Any CPU.ActiveCfg = Release|Any CPU
		{E45D2ABF-1CAF-4830-813F-6305B0D5060D}.Release|Any CPU.Build.0 = Release|Any CPU
		{A2A52958-A197-490A-9158-8ACD3BFD7FA7}.Debug|Any CPU.ActiveCfg = Debug|Any CPU
		{A2A52958-A197-490A-9158-8ACD3BFD7FA7}.Debug|Any CPU.Build.0 = Debug|Any CPU
		{A2A52958-A197-490A-9158-8ACD3BFD7FA7}.Release|Any CPU.ActiveCfg = Release|Any CPU
		{A2A52958-A197-490A-9158-8ACD3BFD7FA7}.Release|Any CPU.Build.0 = Release|Any CPU
		{4B604365-BB77-4A33-930E-ED0B50BCB4DA}.Debug|Any CPU.ActiveCfg = Debug|Any CPU
		{4B604365-BB77-4A33-930E-ED0B50BCB4DA}.Debug|Any CPU.Build.0 = Debug|Any CPU
		{4B604365-BB77-4A33-930E-ED0B50BCB4DA}.Release|Any CPU.ActiveCfg = Release|Any CPU
		{4B604365-BB77-4A33-930E-ED0B50BCB4DA}.Release|Any CPU.Build.0 = Release|Any CPU
		{B967860B-7FE1-4868-9D0E-C9799964238B}.Debug|Any CPU.ActiveCfg = Debug|Any CPU
		{B967860B-7FE1-4868-9D0E-C9799964238B}.Debug|Any CPU.Build.0 = Debug|Any CPU
		{B967860B-7FE1-4868-9D0E-C9799964238B}.Release|Any CPU.ActiveCfg = Release|Any CPU
		{B967860B-7FE1-4868-9D0E-C9799964238B}.Release|Any CPU.Build.0 = Release|Any CPU
		{D82BE444-6A58-4B38-9CC4-274A7314E340}.Debug|Any CPU.ActiveCfg = Debug|Any CPU
		{D82BE444-6A58-4B38-9CC4-274A7314E340}.Debug|Any CPU.Build.0 = Debug|Any CPU
		{D82BE444-6A58-4B38-9CC4-274A7314E340}.Release|Any CPU.ActiveCfg = Release|Any CPU
		{D82BE444-6A58-4B38-9CC4-274A7314E340}.Release|Any CPU.Build.0 = Release|Any CPU
		{7AC7192C-099A-4434-A702-775C8C246403}.Debug|Any CPU.ActiveCfg = Debug|Any CPU
		{7AC7192C-099A-4434-A702-775C8C246403}.Debug|Any CPU.Build.0 = Debug|Any CPU
		{7AC7192C-099A-4434-A702-775C8C246403}.Release|Any CPU.ActiveCfg = Release|Any CPU
		{7AC7192C-099A-4434-A702-775C8C246403}.Release|Any CPU.Build.0 = Release|Any CPU
		{755D22FA-D476-4C3D-92BE-B62BB6B2FDF0}.Debug|Any CPU.ActiveCfg = Debug|Any CPU
		{755D22FA-D476-4C3D-92BE-B62BB6B2FDF0}.Debug|Any CPU.Build.0 = Debug|Any CPU
		{755D22FA-D476-4C3D-92BE-B62BB6B2FDF0}.Release|Any CPU.ActiveCfg = Release|Any CPU
		{755D22FA-D476-4C3D-92BE-B62BB6B2FDF0}.Release|Any CPU.Build.0 = Release|Any CPU
	EndGlobalSection
	GlobalSection(SolutionProperties) = preSolution
		HideSolutionNode = FALSE
	EndGlobalSection
	GlobalSection(NestedProjects) = preSolution
		{A5E6584F-4F6A-429B-8D4D-8FF0107D7CCB} = {AF475127-6126-4E86-982E-700FFF149D28}
		{6CAAAAF2-038D-4B3D-827A-EBE683BB4E16} = {1924AE25-1AC8-4984-92A6-F2C920961F84}
		{FF8C1BFC-377E-41FB-BADA-C56E8D0EAE76} = {1924AE25-1AC8-4984-92A6-F2C920961F84}
		{66E0256F-7E7E-4604-8FA6-86E2D890181E} = {1924AE25-1AC8-4984-92A6-F2C920961F84}
		{7644FCA0-545F-4FEF-815E-46B666CAF948} = {3EED8818-B6D3-4AC0-809B-056C48EE81E6}
		{E45D2ABF-1CAF-4830-813F-6305B0D5060D} = {5D13FF20-8FB9-4C51-BA92-C3991B7265DB}
		{A2A52958-A197-490A-9158-8ACD3BFD7FA7} = {5D13FF20-8FB9-4C51-BA92-C3991B7265DB}
		{4B604365-BB77-4A33-930E-ED0B50BCB4DA} = {5D13FF20-8FB9-4C51-BA92-C3991B7265DB}
		{B967860B-7FE1-4868-9D0E-C9799964238B} = {4817AA3F-10F3-4228-B34F-C61E6DD80866}
		{D82BE444-6A58-4B38-9CC4-274A7314E340} = {1924AE25-1AC8-4984-92A6-F2C920961F84}
		{7AC7192C-099A-4434-A702-775C8C246403} = {3EED8818-B6D3-4AC0-809B-056C48EE81E6}
	EndGlobalSection
	GlobalSection(ExtensibilityGlobals) = postSolution
		SolutionGuid = {DB7E6737-E29F-447F-A6E7-7806B1C712AE}
	EndGlobalSection
EndGlobal
